// !$*UTF8*$!
{
	archiveVersion = 1;
	classes = {
	};
	objectVersion = 56;
	objects = {

/* Begin PBXBuildFile section */
		EC3E7B9B2C66F33D008356FE /* LoadingView.swift in Sources */ = {isa = PBXBuildFile; fileRef = EC3E7B9A2C66F33D008356FE /* LoadingView.swift */; };
		EC7DE7132C66ED9B00A4D441 /* WelcomeView.swift in Sources */ = {isa = PBXBuildFile; fileRef = EC7DE7122C66ED9B00A4D441 /* WelcomeView.swift */; };
		ECAF7ABD2C680D0500728285 /* WeatherRow.swift in Sources */ = {isa = PBXBuildFile; fileRef = ECAF7ABC2C680D0500728285 /* WeatherRow.swift */; };
		ECF4A0862C66D66800A33333 /* WeatherApp.swift in Sources */ = {isa = PBXBuildFile; fileRef = ECF4A0852C66D66800A33333 /* WeatherApp.swift */; };
		ECF4A0882C66D66800A33333 /* ContentView.swift in Sources */ = {isa = PBXBuildFile; fileRef = ECF4A0872C66D66800A33333 /* ContentView.swift */; };
		ECF4A08A2C66D66900A33333 /* Assets.xcassets in Resources */ = {isa = PBXBuildFile; fileRef = ECF4A0892C66D66900A33333 /* Assets.xcassets */; };
		ECF4A08D2C66D66900A33333 /* Preview Assets.xcassets in Resources */ = {isa = PBXBuildFile; fileRef = ECF4A08C2C66D66900A33333 /* Preview Assets.xcassets */; };
		ECF4A08F2C66D66900A33333 /* Persistence.swift in Sources */ = {isa = PBXBuildFile; fileRef = ECF4A08E2C66D66900A33333 /* Persistence.swift */; };
		ECF4A0922C66D66900A33333 /* weatherApp.xcdatamodeld in Sources */ = {isa = PBXBuildFile; fileRef = ECF4A0902C66D66900A33333 /* weatherApp.xcdatamodeld */; };
		ECF4A09C2C66D66900A33333 /* weatherAppTests.swift in Sources */ = {isa = PBXBuildFile; fileRef = ECF4A09B2C66D66900A33333 /* weatherAppTests.swift */; };
		ECF4A0A62C66D66900A33333 /* weatherAppUITests.swift in Sources */ = {isa = PBXBuildFile; fileRef = ECF4A0A52C66D66900A33333 /* weatherAppUITests.swift */; };
		ECF4A0A82C66D66900A33333 /* weatherAppUITestsLaunchTests.swift in Sources */ = {isa = PBXBuildFile; fileRef = ECF4A0A72C66D66900A33333 /* weatherAppUITestsLaunchTests.swift */; };
		ECF4A0B62C66D78400A33333 /* LocationManager.swift in Sources */ = {isa = PBXBuildFile; fileRef = ECF4A0B52C66D78400A33333 /* LocationManager.swift */; };
		ECF50B202C67614800DB295E /* WeatherManager.swift in Sources */ = {isa = PBXBuildFile; fileRef = ECF50B1F2C67614700DB295E /* WeatherManager.swift */; };
		ECF50B222C67678300DB295E /* APIWeatherModel.swift in Sources */ = {isa = PBXBuildFile; fileRef = ECF50B212C67678300DB295E /* APIWeatherModel.swift */; };
		ECF50B242C67AA1600DB295E /* WeatherView.swift in Sources */ = {isa = PBXBuildFile; fileRef = ECF50B232C67AA1600DB295E /* WeatherView.swift */; };
		ECF50B272C67AEE700DB295E /* ModelData.swift in Sources */ = {isa = PBXBuildFile; fileRef = ECF50B262C67AEE700DB295E /* ModelData.swift */; };
		ECF50B292C67AF7300DB295E /* WeatherData.json in Resources */ = {isa = PBXBuildFile; fileRef = ECF50B282C67AF7300DB295E /* WeatherData.json */; };
		ECF50B2B2C67B2E900DB295E /* Extensions.swift in Sources */ = {isa = PBXBuildFile; fileRef = ECF50B2A2C67B2E900DB295E /* Extensions.swift */; };
		ECF50B2D2C67DCB200DB295E /* ImagesManager.swift in Sources */ = {isa = PBXBuildFile; fileRef = ECF50B2C2C67DCB200DB295E /* ImagesManager.swift */; };
/* End PBXBuildFile section */

/* Begin PBXContainerItemProxy section */
		ECF4A0982C66D66900A33333 /* PBXContainerItemProxy */ = {
			isa = PBXContainerItemProxy;
			containerPortal = ECF4A07A2C66D66800A33333 /* Project object */;
			proxyType = 1;
			remoteGlobalIDString = ECF4A0812C66D66800A33333;
			remoteInfo = weatherApp;
		};
		ECF4A0A22C66D66900A33333 /* PBXContainerItemProxy */ = {
			isa = PBXContainerItemProxy;
			containerPortal = ECF4A07A2C66D66800A33333 /* Project object */;
			proxyType = 1;
			remoteGlobalIDString = ECF4A0812C66D66800A33333;
			remoteInfo = weatherApp;
		};
/* End PBXContainerItemProxy section */

/* Begin PBXFileReference section */
		EC3E7B9A2C66F33D008356FE /* LoadingView.swift */ = {isa = PBXFileReference; lastKnownFileType = sourcecode.swift; path = LoadingView.swift; sourceTree = "<group>"; };
		EC7DE7122C66ED9B00A4D441 /* WelcomeView.swift */ = {isa = PBXFileReference; lastKnownFileType = sourcecode.swift; path = WelcomeView.swift; sourceTree = "<group>"; };
		ECAF7ABC2C680D0500728285 /* WeatherRow.swift */ = {isa = PBXFileReference; lastKnownFileType = sourcecode.swift; path = WeatherRow.swift; sourceTree = "<group>"; };
		ECF4A0822C66D66800A33333 /* weatherApp.app */ = {isa = PBXFileReference; explicitFileType = wrapper.application; includeInIndex = 0; path = weatherApp.app; sourceTree = BUILT_PRODUCTS_DIR; };
		ECF4A0852C66D66800A33333 /* WeatherApp.swift */ = {isa = PBXFileReference; lastKnownFileType = sourcecode.swift; path = WeatherApp.swift; sourceTree = "<group>"; };
		ECF4A0872C66D66800A33333 /* ContentView.swift */ = {isa = PBXFileReference; lastKnownFileType = sourcecode.swift; path = ContentView.swift; sourceTree = "<group>"; };
		ECF4A0892C66D66900A33333 /* Assets.xcassets */ = {isa = PBXFileReference; lastKnownFileType = folder.assetcatalog; path = Assets.xcassets; sourceTree = "<group>"; };
		ECF4A08C2C66D66900A33333 /* Preview Assets.xcassets */ = {isa = PBXFileReference; lastKnownFileType = folder.assetcatalog; path = "Preview Assets.xcassets"; sourceTree = "<group>"; };
		ECF4A08E2C66D66900A33333 /* Persistence.swift */ = {isa = PBXFileReference; lastKnownFileType = sourcecode.swift; path = Persistence.swift; sourceTree = "<group>"; };
		ECF4A0912C66D66900A33333 /* weatherApp.xcdatamodel */ = {isa = PBXFileReference; lastKnownFileType = wrapper.xcdatamodel; path = weatherApp.xcdatamodel; sourceTree = "<group>"; };
		ECF4A0972C66D66900A33333 /* weatherAppTests.xctest */ = {isa = PBXFileReference; explicitFileType = wrapper.cfbundle; includeInIndex = 0; path = weatherAppTests.xctest; sourceTree = BUILT_PRODUCTS_DIR; };
		ECF4A09B2C66D66900A33333 /* weatherAppTests.swift */ = {isa = PBXFileReference; lastKnownFileType = sourcecode.swift; path = weatherAppTests.swift; sourceTree = "<group>"; };
		ECF4A0A12C66D66900A33333 /* weatherAppUITests.xctest */ = {isa = PBXFileReference; explicitFileType = wrapper.cfbundle; includeInIndex = 0; path = weatherAppUITests.xctest; sourceTree = BUILT_PRODUCTS_DIR; };
		ECF4A0A52C66D66900A33333 /* weatherAppUITests.swift */ = {isa = PBXFileReference; lastKnownFileType = sourcecode.swift; path = weatherAppUITests.swift; sourceTree = "<group>"; };
		ECF4A0A72C66D66900A33333 /* weatherAppUITestsLaunchTests.swift */ = {isa = PBXFileReference; lastKnownFileType = sourcecode.swift; path = weatherAppUITestsLaunchTests.swift; sourceTree = "<group>"; };
		ECF4A0B52C66D78400A33333 /* LocationManager.swift */ = {isa = PBXFileReference; lastKnownFileType = sourcecode.swift; path = LocationManager.swift; sourceTree = "<group>"; };
		ECF50B1F2C67614700DB295E /* WeatherManager.swift */ = {isa = PBXFileReference; lastKnownFileType = sourcecode.swift; path = WeatherManager.swift; sourceTree = "<group>"; };
		ECF50B212C67678300DB295E /* APIWeatherModel.swift */ = {isa = PBXFileReference; lastKnownFileType = sourcecode.swift; path = APIWeatherModel.swift; sourceTree = "<group>"; };
		ECF50B232C67AA1600DB295E /* WeatherView.swift */ = {isa = PBXFileReference; lastKnownFileType = sourcecode.swift; path = WeatherView.swift; sourceTree = "<group>"; };
		ECF50B262C67AEE700DB295E /* ModelData.swift */ = {isa = PBXFileReference; lastKnownFileType = sourcecode.swift; path = ModelData.swift; sourceTree = "<group>"; };
		ECF50B282C67AF7300DB295E /* WeatherData.json */ = {isa = PBXFileReference; lastKnownFileType = text.json; path = WeatherData.json; sourceTree = "<group>"; };
		ECF50B2A2C67B2E900DB295E /* Extensions.swift */ = {isa = PBXFileReference; lastKnownFileType = sourcecode.swift; path = Extensions.swift; sourceTree = "<group>"; };
		ECF50B2C2C67DCB200DB295E /* ImagesManager.swift */ = {isa = PBXFileReference; lastKnownFileType = sourcecode.swift; path = ImagesManager.swift; sourceTree = "<group>"; };
/* End PBXFileReference section */

/* Begin PBXFrameworksBuildPhase section */
		ECF4A07F2C66D66800A33333 /* Frameworks */ = {
			isa = PBXFrameworksBuildPhase;
			buildActionMask = 2147483647;
			files = (
			);
			runOnlyForDeploymentPostprocessing = 0;
		};
		ECF4A0942C66D66900A33333 /* Frameworks */ = {
			isa = PBXFrameworksBuildPhase;
			buildActionMask = 2147483647;
			files = (
			);
			runOnlyForDeploymentPostprocessing = 0;
		};
		ECF4A09E2C66D66900A33333 /* Frameworks */ = {
			isa = PBXFrameworksBuildPhase;
			buildActionMask = 2147483647;
			files = (
			);
			runOnlyForDeploymentPostprocessing = 0;
		};
/* End PBXFrameworksBuildPhase section */

/* Begin PBXGroup section */
		EC7DE7112C66EC8700A4D441 /* Views */ = {
			isa = PBXGroup;
			children = (
				ECF4A0872C66D66800A33333 /* ContentView.swift */,
				EC7DE7122C66ED9B00A4D441 /* WelcomeView.swift */,
				EC3E7B9A2C66F33D008356FE /* LoadingView.swift */,
				ECF50B232C67AA1600DB295E /* WeatherView.swift */,
				ECAF7ABC2C680D0500728285 /* WeatherRow.swift */,
			);
			path = Views;
			sourceTree = "<group>";
		};
		ECF4A0792C66D66800A33333 = {
			isa = PBXGroup;
			children = (
				ECF4A0842C66D66800A33333 /* weatherApp */,
				ECF4A09A2C66D66900A33333 /* weatherAppTests */,
				ECF4A0A42C66D66900A33333 /* weatherAppUITests */,
				ECF4A0832C66D66800A33333 /* Products */,
			);
			sourceTree = "<group>";
		};
		ECF4A0832C66D66800A33333 /* Products */ = {
			isa = PBXGroup;
			children = (
				ECF4A0822C66D66800A33333 /* weatherApp.app */,
				ECF4A0972C66D66900A33333 /* weatherAppTests.xctest */,
				ECF4A0A12C66D66900A33333 /* weatherAppUITests.xctest */,
			);
			name = Products;
			sourceTree = "<group>";
		};
		ECF4A0842C66D66800A33333 /* weatherApp */ = {
			isa = PBXGroup;
			children = (
				EC7DE7112C66EC8700A4D441 /* Views */,
				ECF4A0B42C66D76C00A33333 /* Managers */,
				ECF50B252C67AA5000DB295E /* Supporting */,
				ECF4A08B2C66D66900A33333 /* Preview Content */,
			);
			path = weatherApp;
			sourceTree = "<group>";
		};
		ECF4A08B2C66D66900A33333 /* Preview Content */ = {
			isa = PBXGroup;
			children = (
				ECF4A08C2C66D66900A33333 /* Preview Assets.xcassets */,
				ECF50B262C67AEE700DB295E /* ModelData.swift */,
				ECF50B282C67AF7300DB295E /* WeatherData.json */,
			);
			path = "Preview Content";
			sourceTree = "<group>";
		};
		ECF4A09A2C66D66900A33333 /* weatherAppTests */ = {
			isa = PBXGroup;
			children = (
				ECF4A09B2C66D66900A33333 /* weatherAppTests.swift */,
			);
			path = weatherAppTests;
			sourceTree = "<group>";
		};
		ECF4A0A42C66D66900A33333 /* weatherAppUITests */ = {
			isa = PBXGroup;
			children = (
				ECF4A0A52C66D66900A33333 /* weatherAppUITests.swift */,
				ECF4A0A72C66D66900A33333 /* weatherAppUITestsLaunchTests.swift */,
			);
			path = weatherAppUITests;
			sourceTree = "<group>";
		};
		ECF4A0B42C66D76C00A33333 /* Managers */ = {
			isa = PBXGroup;
			children = (
				ECF4A0B52C66D78400A33333 /* LocationManager.swift */,
				ECF50B1F2C67614700DB295E /* WeatherManager.swift */,
				ECF50B212C67678300DB295E /* APIWeatherModel.swift */,
				ECF50B2C2C67DCB200DB295E /* ImagesManager.swift */,
			);
			path = Managers;
			sourceTree = "<group>";
		};
		ECF50B252C67AA5000DB295E /* Supporting */ = {
			isa = PBXGroup;
			children = (
				ECF4A0852C66D66800A33333 /* WeatherApp.swift */,
				ECF4A08E2C66D66900A33333 /* Persistence.swift */,
				ECF4A0892C66D66900A33333 /* Assets.xcassets */,
				ECF4A0902C66D66900A33333 /* weatherApp.xcdatamodeld */,
				ECF50B2A2C67B2E900DB295E /* Extensions.swift */,
			);
			path = Supporting;
			sourceTree = "<group>";
		};
/* End PBXGroup section */

/* Begin PBXNativeTarget section */
		ECF4A0812C66D66800A33333 /* weatherApp */ = {
			isa = PBXNativeTarget;
			buildConfigurationList = ECF4A0AB2C66D66900A33333 /* Build configuration list for PBXNativeTarget "weatherApp" */;
			buildPhases = (
				ECF4A07E2C66D66800A33333 /* Sources */,
				ECF4A07F2C66D66800A33333 /* Frameworks */,
				ECF4A0802C66D66800A33333 /* Resources */,
			);
			buildRules = (
			);
			dependencies = (
			);
			name = weatherApp;
			productName = weatherApp;
			productReference = ECF4A0822C66D66800A33333 /* weatherApp.app */;
			productType = "com.apple.product-type.application";
		};
		ECF4A0962C66D66900A33333 /* weatherAppTests */ = {
			isa = PBXNativeTarget;
			buildConfigurationList = ECF4A0AE2C66D66900A33333 /* Build configuration list for PBXNativeTarget "weatherAppTests" */;
			buildPhases = (
				ECF4A0932C66D66900A33333 /* Sources */,
				ECF4A0942C66D66900A33333 /* Frameworks */,
				ECF4A0952C66D66900A33333 /* Resources */,
			);
			buildRules = (
			);
			dependencies = (
				ECF4A0992C66D66900A33333 /* PBXTargetDependency */,
			);
			name = weatherAppTests;
			productName = weatherAppTests;
			productReference = ECF4A0972C66D66900A33333 /* weatherAppTests.xctest */;
			productType = "com.apple.product-type.bundle.unit-test";
		};
		ECF4A0A02C66D66900A33333 /* weatherAppUITests */ = {
			isa = PBXNativeTarget;
			buildConfigurationList = ECF4A0B12C66D66900A33333 /* Build configuration list for PBXNativeTarget "weatherAppUITests" */;
			buildPhases = (
				ECF4A09D2C66D66900A33333 /* Sources */,
				ECF4A09E2C66D66900A33333 /* Frameworks */,
				ECF4A09F2C66D66900A33333 /* Resources */,
			);
			buildRules = (
			);
			dependencies = (
				ECF4A0A32C66D66900A33333 /* PBXTargetDependency */,
			);
			name = weatherAppUITests;
			productName = weatherAppUITests;
			productReference = ECF4A0A12C66D66900A33333 /* weatherAppUITests.xctest */;
			productType = "com.apple.product-type.bundle.ui-testing";
		};
/* End PBXNativeTarget section */

/* Begin PBXProject section */
		ECF4A07A2C66D66800A33333 /* Project object */ = {
			isa = PBXProject;
			attributes = {
				BuildIndependentTargetsInParallel = 1;
				LastSwiftUpdateCheck = 1540;
				LastUpgradeCheck = 1540;
				TargetAttributes = {
					ECF4A0812C66D66800A33333 = {
						CreatedOnToolsVersion = 15.4;
					};
					ECF4A0962C66D66900A33333 = {
						CreatedOnToolsVersion = 15.4;
						TestTargetID = ECF4A0812C66D66800A33333;
					};
					ECF4A0A02C66D66900A33333 = {
						CreatedOnToolsVersion = 15.4;
						TestTargetID = ECF4A0812C66D66800A33333;
					};
				};
			};
			buildConfigurationList = ECF4A07D2C66D66800A33333 /* Build configuration list for PBXProject "weatherApp" */;
			compatibilityVersion = "Xcode 14.0";
			developmentRegion = en;
			hasScannedForEncodings = 0;
			knownRegions = (
				en,
				Base,
			);
			mainGroup = ECF4A0792C66D66800A33333;
			productRefGroup = ECF4A0832C66D66800A33333 /* Products */;
			projectDirPath = "";
			projectRoot = "";
			targets = (
				ECF4A0812C66D66800A33333 /* weatherApp */,
				ECF4A0962C66D66900A33333 /* weatherAppTests */,
				ECF4A0A02C66D66900A33333 /* weatherAppUITests */,
			);
		};
/* End PBXProject section */

/* Begin PBXResourcesBuildPhase section */
		ECF4A0802C66D66800A33333 /* Resources */ = {
			isa = PBXResourcesBuildPhase;
			buildActionMask = 2147483647;
			files = (
				ECF50B292C67AF7300DB295E /* WeatherData.json in Resources */,
				ECF4A08D2C66D66900A33333 /* Preview Assets.xcassets in Resources */,
				ECF4A08A2C66D66900A33333 /* Assets.xcassets in Resources */,
			);
			runOnlyForDeploymentPostprocessing = 0;
		};
		ECF4A0952C66D66900A33333 /* Resources */ = {
			isa = PBXResourcesBuildPhase;
			buildActionMask = 2147483647;
			files = (
			);
			runOnlyForDeploymentPostprocessing = 0;
		};
		ECF4A09F2C66D66900A33333 /* Resources */ = {
			isa = PBXResourcesBuildPhase;
			buildActionMask = 2147483647;
			files = (
			);
			runOnlyForDeploymentPostprocessing = 0;
		};
/* End PBXResourcesBuildPhase section */

/* Begin PBXSourcesBuildPhase section */
		ECF4A07E2C66D66800A33333 /* Sources */ = {
			isa = PBXSourcesBuildPhase;
			buildActionMask = 2147483647;
			files = (
				ECF4A0922C66D66900A33333 /* weatherApp.xcdatamodeld in Sources */,
				EC7DE7132C66ED9B00A4D441 /* WelcomeView.swift in Sources */,
				ECF50B202C67614800DB295E /* WeatherManager.swift in Sources */,
				ECF4A08F2C66D66900A33333 /* Persistence.swift in Sources */,
				ECF4A0B62C66D78400A33333 /* LocationManager.swift in Sources */,
				ECF50B2D2C67DCB200DB295E /* ImagesManager.swift in Sources */,
				ECF50B242C67AA1600DB295E /* WeatherView.swift in Sources */,
				ECF50B222C67678300DB295E /* APIWeatherModel.swift in Sources */,
				ECF50B2B2C67B2E900DB295E /* Extensions.swift in Sources */,
				ECAF7ABD2C680D0500728285 /* WeatherRow.swift in Sources */,
				ECF50B272C67AEE700DB295E /* ModelData.swift in Sources */,
				ECF4A0882C66D66800A33333 /* ContentView.swift in Sources */,
				EC3E7B9B2C66F33D008356FE /* LoadingView.swift in Sources */,
				ECF4A0862C66D66800A33333 /* WeatherApp.swift in Sources */,
			);
			runOnlyForDeploymentPostprocessing = 0;
		};
		ECF4A0932C66D66900A33333 /* Sources */ = {
			isa = PBXSourcesBuildPhase;
			buildActionMask = 2147483647;
			files = (
				ECF4A09C2C66D66900A33333 /* weatherAppTests.swift in Sources */,
			);
			runOnlyForDeploymentPostprocessing = 0;
		};
		ECF4A09D2C66D66900A33333 /* Sources */ = {
			isa = PBXSourcesBuildPhase;
			buildActionMask = 2147483647;
			files = (
				ECF4A0A62C66D66900A33333 /* weatherAppUITests.swift in Sources */,
				ECF4A0A82C66D66900A33333 /* weatherAppUITestsLaunchTests.swift in Sources */,
			);
			runOnlyForDeploymentPostprocessing = 0;
		};
/* End PBXSourcesBuildPhase section */

/* Begin PBXTargetDependency section */
		ECF4A0992C66D66900A33333 /* PBXTargetDependency */ = {
			isa = PBXTargetDependency;
			target = ECF4A0812C66D66800A33333 /* weatherApp */;
			targetProxy = ECF4A0982C66D66900A33333 /* PBXContainerItemProxy */;
		};
		ECF4A0A32C66D66900A33333 /* PBXTargetDependency */ = {
			isa = PBXTargetDependency;
			target = ECF4A0812C66D66800A33333 /* weatherApp */;
			targetProxy = ECF4A0A22C66D66900A33333 /* PBXContainerItemProxy */;
		};
/* End PBXTargetDependency section */

/* Begin XCBuildConfiguration section */
		ECF4A0A92C66D66900A33333 /* Debug */ = {
			isa = XCBuildConfiguration;
			buildSettings = {
				ALWAYS_SEARCH_USER_PATHS = NO;
				ASSETCATALOG_COMPILER_GENERATE_SWIFT_ASSET_SYMBOL_EXTENSIONS = YES;
				CLANG_ANALYZER_NONNULL = YES;
				CLANG_ANALYZER_NUMBER_OBJECT_CONVERSION = YES_AGGRESSIVE;
				CLANG_CXX_LANGUAGE_STANDARD = "gnu++20";
				CLANG_ENABLE_MODULES = YES;
				CLANG_ENABLE_OBJC_ARC = YES;
				CLANG_ENABLE_OBJC_WEAK = YES;
				CLANG_WARN_BLOCK_CAPTURE_AUTORELEASING = YES;
				CLANG_WARN_BOOL_CONVERSION = YES;
				CLANG_WARN_COMMA = YES;
				CLANG_WARN_CONSTANT_CONVERSION = YES;
				CLANG_WARN_DEPRECATED_OBJC_IMPLEMENTATIONS = YES;
				CLANG_WARN_DIRECT_OBJC_ISA_USAGE = YES_ERROR;
				CLANG_WARN_DOCUMENTATION_COMMENTS = YES;
				CLANG_WARN_EMPTY_BODY = YES;
				CLANG_WARN_ENUM_CONVERSION = YES;
				CLANG_WARN_INFINITE_RECURSION = YES;
				CLANG_WARN_INT_CONVERSION = YES;
				CLANG_WARN_NON_LITERAL_NULL_CONVERSION = YES;
				CLANG_WARN_OBJC_IMPLICIT_RETAIN_SELF = YES;
				CLANG_WARN_OBJC_LITERAL_CONVERSION = YES;
				CLANG_WARN_OBJC_ROOT_CLASS = YES_ERROR;
				CLANG_WARN_QUOTED_INCLUDE_IN_FRAMEWORK_HEADER = YES;
				CLANG_WARN_RANGE_LOOP_ANALYSIS = YES;
				CLANG_WARN_STRICT_PROTOTYPES = YES;
				CLANG_WARN_SUSPICIOUS_MOVE = YES;
				CLANG_WARN_UNGUARDED_AVAILABILITY = YES_AGGRESSIVE;
				CLANG_WARN_UNREACHABLE_CODE = YES;
				CLANG_WARN__DUPLICATE_METHOD_MATCH = YES;
				COPY_PHASE_STRIP = NO;
				DEBUG_INFORMATION_FORMAT = dwarf;
				ENABLE_STRICT_OBJC_MSGSEND = YES;
				ENABLE_TESTABILITY = YES;
				ENABLE_USER_SCRIPT_SANDBOXING = YES;
				GCC_C_LANGUAGE_STANDARD = gnu17;
				GCC_DYNAMIC_NO_PIC = NO;
				GCC_NO_COMMON_BLOCKS = YES;
				GCC_OPTIMIZATION_LEVEL = 0;
				GCC_PREPROCESSOR_DEFINITIONS = (
					"DEBUG=1",
					"$(inherited)",
				);
				GCC_WARN_64_TO_32_BIT_CONVERSION = YES;
				GCC_WARN_ABOUT_RETURN_TYPE = YES_ERROR;
				GCC_WARN_UNDECLARED_SELECTOR = YES;
				GCC_WARN_UNINITIALIZED_AUTOS = YES_AGGRESSIVE;
				GCC_WARN_UNUSED_FUNCTION = YES;
				GCC_WARN_UNUSED_VARIABLE = YES;
				IPHONEOS_DEPLOYMENT_TARGET = 15.0;
				LOCALIZATION_PREFERS_STRING_CATALOGS = YES;
				MTL_ENABLE_DEBUG_INFO = INCLUDE_SOURCE;
				MTL_FAST_MATH = YES;
				ONLY_ACTIVE_ARCH = YES;
				SDKROOT = iphoneos;
				SWIFT_ACTIVE_COMPILATION_CONDITIONS = "DEBUG $(inherited)";
				SWIFT_OPTIMIZATION_LEVEL = "-Onone";
			};
			name = Debug;
		};
		ECF4A0AA2C66D66900A33333 /* Release */ = {
			isa = XCBuildConfiguration;
			buildSettings = {
				ALWAYS_SEARCH_USER_PATHS = NO;
				ASSETCATALOG_COMPILER_GENERATE_SWIFT_ASSET_SYMBOL_EXTENSIONS = YES;
				CLANG_ANALYZER_NONNULL = YES;
				CLANG_ANALYZER_NUMBER_OBJECT_CONVERSION = YES_AGGRESSIVE;
				CLANG_CXX_LANGUAGE_STANDARD = "gnu++20";
				CLANG_ENABLE_MODULES = YES;
				CLANG_ENABLE_OBJC_ARC = YES;
				CLANG_ENABLE_OBJC_WEAK = YES;
				CLANG_WARN_BLOCK_CAPTURE_AUTORELEASING = YES;
				CLANG_WARN_BOOL_CONVERSION = YES;
				CLANG_WARN_COMMA = YES;
				CLANG_WARN_CONSTANT_CONVERSION = YES;
				CLANG_WARN_DEPRECATED_OBJC_IMPLEMENTATIONS = YES;
				CLANG_WARN_DIRECT_OBJC_ISA_USAGE = YES_ERROR;
				CLANG_WARN_DOCUMENTATION_COMMENTS = YES;
				CLANG_WARN_EMPTY_BODY = YES;
				CLANG_WARN_ENUM_CONVERSION = YES;
				CLANG_WARN_INFINITE_RECURSION = YES;
				CLANG_WARN_INT_CONVERSION = YES;
				CLANG_WARN_NON_LITERAL_NULL_CONVERSION = YES;
				CLANG_WARN_OBJC_IMPLICIT_RETAIN_SELF = YES;
				CLANG_WARN_OBJC_LITERAL_CONVERSION = YES;
				CLANG_WARN_OBJC_ROOT_CLASS = YES_ERROR;
				CLANG_WARN_QUOTED_INCLUDE_IN_FRAMEWORK_HEADER = YES;
				CLANG_WARN_RANGE_LOOP_ANALYSIS = YES;
				CLANG_WARN_STRICT_PROTOTYPES = YES;
				CLANG_WARN_SUSPICIOUS_MOVE = YES;
				CLANG_WARN_UNGUARDED_AVAILABILITY = YES_AGGRESSIVE;
				CLANG_WARN_UNREACHABLE_CODE = YES;
				CLANG_WARN__DUPLICATE_METHOD_MATCH = YES;
				COPY_PHASE_STRIP = NO;
				DEBUG_INFORMATION_FORMAT = "dwarf-with-dsym";
				ENABLE_NS_ASSERTIONS = NO;
				ENABLE_STRICT_OBJC_MSGSEND = YES;
				ENABLE_USER_SCRIPT_SANDBOXING = YES;
				GCC_C_LANGUAGE_STANDARD = gnu17;
				GCC_NO_COMMON_BLOCKS = YES;
				GCC_WARN_64_TO_32_BIT_CONVERSION = YES;
				GCC_WARN_ABOUT_RETURN_TYPE = YES_ERROR;
				GCC_WARN_UNDECLARED_SELECTOR = YES;
				GCC_WARN_UNINITIALIZED_AUTOS = YES_AGGRESSIVE;
				GCC_WARN_UNUSED_FUNCTION = YES;
				GCC_WARN_UNUSED_VARIABLE = YES;
				IPHONEOS_DEPLOYMENT_TARGET = 15.0;
				LOCALIZATION_PREFERS_STRING_CATALOGS = YES;
				MTL_ENABLE_DEBUG_INFO = NO;
				MTL_FAST_MATH = YES;
				SDKROOT = iphoneos;
				SWIFT_COMPILATION_MODE = wholemodule;
				VALIDATE_PRODUCT = YES;
			};
			name = Release;
		};
		ECF4A0AC2C66D66900A33333 /* Debug */ = {
			isa = XCBuildConfiguration;
			buildSettings = {
				ASSETCATALOG_COMPILER_APPICON_NAME = AppIcon;
				ASSETCATALOG_COMPILER_GLOBAL_ACCENT_COLOR_NAME = AccentColor;
				CODE_SIGN_STYLE = Automatic;
				CURRENT_PROJECT_VERSION = 1;
				DEVELOPMENT_ASSET_PATHS = "\"weatherApp/Preview Content\"";
				DEVELOPMENT_TEAM = CFVLMFC4S8;
				ENABLE_PREVIEWS = YES;
				GENERATE_INFOPLIST_FILE = YES;
				INFOPLIST_KEY_UIApplicationSceneManifest_Generation = YES;
				INFOPLIST_KEY_UIApplicationSupportsIndirectInputEvents = YES;
				INFOPLIST_KEY_UILaunchScreen_Generation = YES;
				INFOPLIST_KEY_UISupportedInterfaceOrientations_iPad = "UIInterfaceOrientationPortrait UIInterfaceOrientationPortraitUpsideDown UIInterfaceOrientationLandscapeLeft UIInterfaceOrientationLandscapeRight";
				INFOPLIST_KEY_UISupportedInterfaceOrientations_iPhone = "UIInterfaceOrientationPortrait UIInterfaceOrientationLandscapeLeft UIInterfaceOrientationLandscapeRight";
				IPHONEOS_DEPLOYMENT_TARGET = 15.0;
				LD_RUNPATH_SEARCH_PATHS = (
					"$(inherited)",
					"@executable_path/Frameworks",
				);
				MARKETING_VERSION = 1.0;
				PRODUCT_BUNDLE_IDENTIFIER = com.fakexcreator.weatherApp;
				PRODUCT_NAME = "$(TARGET_NAME)";
				SWIFT_EMIT_LOC_STRINGS = YES;
				SWIFT_VERSION = 5.0;
				TARGETED_DEVICE_FAMILY = "1,2";
			};
			name = Debug;
		};
		ECF4A0AD2C66D66900A33333 /* Release */ = {
			isa = XCBuildConfiguration;
			buildSettings = {
				ASSETCATALOG_COMPILER_APPICON_NAME = AppIcon;
				ASSETCATALOG_COMPILER_GLOBAL_ACCENT_COLOR_NAME = AccentColor;
				CODE_SIGN_STYLE = Automatic;
				CURRENT_PROJECT_VERSION = 1;
				DEVELOPMENT_ASSET_PATHS = "\"weatherApp/Preview Content\"";
				DEVELOPMENT_TEAM = CFVLMFC4S8;
				ENABLE_PREVIEWS = YES;
				GENERATE_INFOPLIST_FILE = YES;
				INFOPLIST_KEY_UIApplicationSceneManifest_Generation = YES;
				INFOPLIST_KEY_UIApplicationSupportsIndirectInputEvents = YES;
				INFOPLIST_KEY_UILaunchScreen_Generation = YES;
				INFOPLIST_KEY_UISupportedInterfaceOrientations_iPad = "UIInterfaceOrientationPortrait UIInterfaceOrientationPortraitUpsideDown UIInterfaceOrientationLandscapeLeft UIInterfaceOrientationLandscapeRight";
				INFOPLIST_KEY_UISupportedInterfaceOrientations_iPhone = "UIInterfaceOrientationPortrait UIInterfaceOrientationLandscapeLeft UIInterfaceOrientationLandscapeRight";
				IPHONEOS_DEPLOYMENT_TARGET = 15.0;
				LD_RUNPATH_SEARCH_PATHS = (
					"$(inherited)",
					"@executable_path/Frameworks",
				);
				MARKETING_VERSION = 1.0;
				PRODUCT_BUNDLE_IDENTIFIER = com.fakexcreator.weatherApp;
				PRODUCT_NAME = "$(TARGET_NAME)";
				SWIFT_EMIT_LOC_STRINGS = YES;
				SWIFT_VERSION = 5.0;
				TARGETED_DEVICE_FAMILY = "1,2";
			};
			name = Release;
		};
		ECF4A0AF2C66D66900A33333 /* Debug */ = {
			isa = XCBuildConfiguration;
			buildSettings = {
				ALWAYS_EMBED_SWIFT_STANDARD_LIBRARIES = YES;
				BUNDLE_LOADER = "$(TEST_HOST)";
				CODE_SIGN_STYLE = Automatic;
				CURRENT_PROJECT_VERSION = 1;
				DEVELOPMENT_TEAM = CFVLMFC4S8;
				GENERATE_INFOPLIST_FILE = YES;
				IPHONEOS_DEPLOYMENT_TARGET = 17.5;
				MARKETING_VERSION = 1.0;
				PRODUCT_BUNDLE_IDENTIFIER = com.fakexcreator.weatherAppTests;
				PRODUCT_NAME = "$(TARGET_NAME)";
				SWIFT_EMIT_LOC_STRINGS = NO;
				SWIFT_VERSION = 5.0;
				TARGETED_DEVICE_FAMILY = "1,2";
				TEST_HOST = "$(BUILT_PRODUCTS_DIR)/weatherApp.app/$(BUNDLE_EXECUTABLE_FOLDER_PATH)/weatherApp";
			};
			name = Debug;
		};
		ECF4A0B02C66D66900A33333 /* Release */ = {
			isa = XCBuildConfiguration;
			buildSettings = {
				ALWAYS_EMBED_SWIFT_STANDARD_LIBRARIES = YES;
				BUNDLE_LOADER = "$(TEST_HOST)";
				CODE_SIGN_STYLE = Automatic;
				CURRENT_PROJECT_VERSION = 1;
				DEVELOPMENT_TEAM = CFVLMFC4S8;
				GENERATE_INFOPLIST_FILE = YES;
				IPHONEOS_DEPLOYMENT_TARGET = 17.5;
				MARKETING_VERSION = 1.0;
				PRODUCT_BUNDLE_IDENTIFIER = com.fakexcreator.weatherAppTests;
				PRODUCT_NAME = "$(TARGET_NAME)";
				SWIFT_EMIT_LOC_STRINGS = NO;
				SWIFT_VERSION = 5.0;
				TARGETED_DEVICE_FAMILY = "1,2";
				TEST_HOST = "$(BUILT_PRODUCTS_DIR)/weatherApp.app/$(BUNDLE_EXECUTABLE_FOLDER_PATH)/weatherApp";
			};
			name = Release;
		};
		ECF4A0B22C66D66900A33333 /* Debug */ = {
			isa = XCBuildConfiguration;
			buildSettings = {
				ALWAYS_EMBED_SWIFT_STANDARD_LIBRARIES = YES;
				CODE_SIGN_STYLE = Automatic;
				CURRENT_PROJECT_VERSION = 1;
				DEVELOPMENT_TEAM = CFVLMFC4S8;
				GENERATE_INFOPLIST_FILE = YES;
				MARKETING_VERSION = 1.0;
				PRODUCT_BUNDLE_IDENTIFIER = com.fakexcreator.weatherAppUITests;
				PRODUCT_NAME = "$(TARGET_NAME)";
				SWIFT_EMIT_LOC_STRINGS = NO;
				SWIFT_VERSION = 5.0;
				TARGETED_DEVICE_FAMILY = "1,2";
				TEST_TARGET_NAME = weatherApp;
			};
			name = Debug;
		};
		ECF4A0B32C66D66900A33333 /* Release */ = {
			isa = XCBuildConfiguration;
			buildSettings = {
				ALWAYS_EMBED_SWIFT_STANDARD_LIBRARIES = YES;
				CODE_SIGN_STYLE = Automatic;
				CURRENT_PROJECT_VERSION = 1;
				DEVELOPMENT_TEAM = CFVLMFC4S8;
				GENERATE_INFOPLIST_FILE = YES;
				MARKETING_VERSION = 1.0;
				PRODUCT_BUNDLE_IDENTIFIER = com.fakexcreator.weatherAppUITests;
				PRODUCT_NAME = "$(TARGET_NAME)";
				SWIFT_EMIT_LOC_STRINGS = NO;
				SWIFT_VERSION = 5.0;
				TARGETED_DEVICE_FAMILY = "1,2";
				TEST_TARGET_NAME = weatherApp;
			};
			name = Release;
		};
/* End XCBuildConfiguration section */

/* Begin XCConfigurationList section */
		ECF4A07D2C66D66800A33333 /* Build configuration list for PBXProject "weatherApp" */ = {
			isa = XCConfigurationList;
			buildConfigurations = (
				ECF4A0A92C66D66900A33333 /* Debug */,
				ECF4A0AA2C66D66900A33333 /* Release */,
			);
			defaultConfigurationIsVisible = 0;
			defaultConfigurationName = Release;
		};
		ECF4A0AB2C66D66900A33333 /* Build configuration list for PBXNativeTarget "weatherApp" */ = {
			isa = XCConfigurationList;
			buildConfigurations = (
				ECF4A0AC2C66D66900A33333 /* Debug */,
				ECF4A0AD2C66D66900A33333 /* Release */,
			);
			defaultConfigurationIsVisible = 0;
			defaultConfigurationName = Release;
		};
		ECF4A0AE2C66D66900A33333 /* Build configuration list for PBXNativeTarget "weatherAppTests" */ = {
			isa = XCConfigurationList;
			buildConfigurations = (
				ECF4A0AF2C66D66900A33333 /* Debug */,
				ECF4A0B02C66D66900A33333 /* Release */,
			);
			defaultConfigurationIsVisible = 0;
			defaultConfigurationName = Release;
		};
		ECF4A0B12C66D66900A33333 /* Build configuration list for PBXNativeTarget "weatherAppUITests" */ = {
			isa = XCConfigurationList;
			buildConfigurations = (
				ECF4A0B22C66D66900A33333 /* Debug */,
				ECF4A0B32C66D66900A33333 /* Release */,
			);
			defaultConfigurationIsVisible = 0;
			defaultConfigurationName = Release;
		};
/* End XCConfigurationList section */

/* Begin XCVersionGroup section */
		ECF4A0902C66D66900A33333 /* weatherApp.xcdatamodeld */ = {
			isa = XCVersionGroup;
			children = (
				ECF4A0912C66D66900A33333 /* weatherApp.xcdatamodel */,
			);
			currentVersion = ECF4A0912C66D66900A33333 /* weatherApp.xcdatamodel */;
			path = weatherApp.xcdatamodeld;
			sourceTree = "<group>";
			versionGroupType = wrapper.xcdatamodel;
		};
/* End XCVersionGroup section */
	};
	rootObject = ECF4A07A2C66D66800A33333 /* Project object */;
}
